
Microsoft Visual Studio Solution File, Format Version 12.00
# Visual Studio Version 17
VisualStudioVersion = 17.6.33723.286
MinimumVisualStudioVersion = 10.0.40219.1
Project("{FAE04EC0-301F-11D3-BF4B-00C04F79EFBC}") = "RazhodkataNaKonq", "RazhodkataNaKonq\RazhodkataNaKonq.csproj", "{136D41B1-F938-492F-966F-CEC6E0EAC965}"
EndProject
Project("{FAE04EC0-301F-11D3-BF4B-00C04F79EFBC}") = "PutishtaVLabirint", "PutishtaVLabirint\PutishtaVLabirint.csproj", "{59B888FF-1145-475B-AA93-96E019ED7B34}"
EndProject
Project("{FAE04EC0-301F-11D3-BF4B-00C04F79EFBC}") = "HanoiskiKuli", "HanoiskiKuli\HanoiskiKuli.csproj", "{1EB7957C-D99C-4466-B0C9-E2A3F7A776EC}"
EndProject
Global
	GlobalSection(SolutionConfigurationPlatforms) = preSolution
		Debug|Any CPU = Debug|Any CPU
		Release|Any CPU = Release|Any CPU
	EndGlobalSection
	GlobalSection(ProjectConfigurationPlatforms) = postSolution
		{136D41B1-F938-492F-966F-CEC6E0EAC965}.Debug|Any CPU.ActiveCfg = Debug|Any CPU
		{136D41B1-F938-492F-966F-CEC6E0EAC965}.Debug|Any CPU.Build.0 = Debug|Any CPU
		{136D41B1-F938-492F-966F-CEC6E0EAC965}.Release|Any CPU.ActiveCfg = Release|Any CPU
		{136D41B1-F938-492F-966F-CEC6E0EAC965}.Release|Any CPU.Build.0 = Release|Any CPU
		{59B888FF-1145-475B-AA93-96E019ED7B34}.Debug|Any CPU.ActiveCfg = Debug|Any CPU
		{59B888FF-1145-475B-AA93-96E019ED7B34}.Debug|Any CPU.Build.0 = Debug|Any CPU
		{59B888FF-1145-475B-AA93-96E019ED7B34}.Release|Any CPU.ActiveCfg = Release|Any CPU
		{59B888FF-1145-475B-AA93-96E019ED7B34}.Release|Any CPU.Build.0 = Release|Any CPU
		{1EB7957C-D99C-4466-B0C9-E2A3F7A776EC}.Debug|Any CPU.ActiveCfg = Debug|Any CPU
		{1EB7957C-D99C-4466-B0C9-E2A3F7A776EC}.Debug|Any CPU.Build.0 = Debug|Any CPU
		{1EB7957C-D99C-4466-B0C9-E2A3F7A776EC}.Release|Any CPU.ActiveCfg = Release|Any CPU
		{1EB7957C-D99C-4466-B0C9-E2A3F7A776EC}.Release|Any CPU.Build.0 = Release|Any CPU
	EndGlobalSection
	GlobalSection(SolutionProperties) = preSolution
		HideSolutionNode = FALSE
	EndGlobalSection
	GlobalSection(ExtensibilityGlobals) = postSolution
		SolutionGuid = {D2F507AE-B190-44E2-A1CD-52626BE9A5D9}
	EndGlobalSection
EndGlobal
